// !$*UTF8*$!
{
	archiveVersion = 1;
	classes = {
	};
	objectVersion = 77;
	objects = {

/* Begin PBXContainerItemProxy section */
		E2D61A872F1FF2B200BCC8D3 /* PBXContainerItemProxy */ = {
			isa = PBXContainerItemProxy;
			containerPortal = E2D61A6F2F1FF2B000BCC8D3 /* Project object */;
			proxyType = 1;
			remoteGlobalIDString = E2D61A762F1FF2B000BCC8D3;
			remoteInfo = Skydoozy;
		};
		E2D61A912F1FF2B200BCC8D3 /* PBXContainerItemProxy */ = {
			isa = PBXContainerItemProxy;
			containerPortal = E2D61A6F2F1FF2B000BCC8D3 /* Project object */;
			proxyType = 1;
			remoteGlobalIDString = E2D61A762F1FF2B000BCC8D3;
			remoteInfo = Skydoozy;
		};
/* End PBXContainerItemProxy section */

/* Begin PBXFileReference section */
		E2D61A772F1FF2B000BCC8D3 /* Skydoozy.app */ = {isa = PBXFileReference; explicitFileType = wrapper.application; includeInIndex = 0; path = Skydoozy.app; sourceTree = BUILT_PRODUCTS_DIR; };
		E2D61A862F1FF2B200BCC8D3 /* SkydoozyTests.xctest */ = {isa = PBXFileReference; explicitFileType = wrapper.cfbundle; includeInIndex = 0; path = SkydoozyTests.xctest; sourceTree = BUILT_PRODUCTS_DIR; };
		E2D61A902F1FF2B200BCC8D3 /* SkydoozyUITests.xctest */ = {isa = PBXFileReference; explicitFileType = wrapper.cfbundle; includeInIndex = 0; path = SkydoozyUITests.xctest; sourceTree = BUILT_PRODUCTS_DIR; };
/* End PBXFileReference section */

/* Begin PBXFileSystemSynchronizedRootGroup section */
		E2D61A792F1FF2B000BCC8D3 /* Skydoozy */ = {
			isa = PBXFileSystemSynchronizedRootGroup;
			path = Skydoozy;
			sourceTree = "<group>";
		};
		E2D61A892F1FF2B200BCC8D3 /* SkydoozyTests */ = {
			isa = PBXFileSystemSynchronizedRootGroup;
			path = SkydoozyTests;
			sourceTree = "<group>";
		};
		E2D61A932F1FF2B200BCC8D3 /* SkydoozyUITests */ = {
			isa = PBXFileSystemSynchronizedRootGroup;
			path = SkydoozyUITests;
			sourceTree = "<group>";
		};
/* End PBXFileSystemSynchronizedRootGroup section */

/* Begin PBXFrameworksBuildPhase section */
		E2D61A742F1FF2B000BCC8D3 /* Frameworks */ = {
			isa = PBXFrameworksBuildPhase;
			buildActionMask = 2147483647;
			files = (
			);
			runOnlyForDeploymentPostprocessing = 0;
		};
		E2D61A832F1FF2B200BCC8D3 /* Frameworks */ = {
			isa = PBXFrameworksBuildPhase;
			buildActionMask = 2147483647;
			files = (
			);
			runOnlyForDeploymentPostprocessing = 0;
		};
		E2D61A8D2F1FF2B200BCC8D3 /* Frameworks */ = {
			isa = PBXFrameworksBuildPhase;
			buildActionMask = 2147483647;
			files = (
			);
			runOnlyForDeploymentPostprocessing = 0;
		};
/* End PBXFrameworksBuildPhase section */

/* Begin PBXGroup section */
		E2D61A6E2F1FF2B000BCC8D3 = {
			isa = PBXGroup;
			children = (
				E2D61A792F1FF2B000BCC8D3 /* Skydoozy */,
				E2D61A892F1FF2B200BCC8D3 /* SkydoozyTests */,
				E2D61A932F1FF2B200BCC8D3 /* SkydoozyUITests */,
				E2D61A782F1FF2B000BCC8D3 /* Products */,
			);
			sourceTree = "<group>";
		};
		E2D61A782F1FF2B000BCC8D3 /* Products */ = {
			isa = PBXGroup;
			children = (
				E2D61A772F1FF2B000BCC8D3 /* Skydoozy.app */,
				E2D61A862F1FF2B200BCC8D3 /* SkydoozyTests.xctest */,
				E2D61A902F1FF2B200BCC8D3 /* SkydoozyUITests.xctest */,
			);
			name = Products;
			sourceTree = "<group>";
		};
/* End PBXGroup section */

/* Begin PBXNativeTarget section */
		E2D61A762F1FF2B000BCC8D3 /* Skydoozy */ = {
			isa = PBXNativeTarget;
			buildConfigurationList = E2D61A9A2F1FF2B200BCC8D3 /* Build configuration list for PBXNativeTarget "Skydoozy" */;
			buildPhases = (
				E2D61A732F1FF2B000BCC8D3 /* Sources */,
				E2D61A742F1FF2B000BCC8D3 /* Frameworks */,
				E2D61A752F1FF2B000BCC8D3 /* Resources */,
			);
			buildRules = (
			);
			dependencies = (
			);
			fileSystemSynchronizedGroups = (
				E2D61A792F1FF2B000BCC8D3 /* Skydoozy */,
			);
			name = Skydoozy;
			packageProductDependencies = (
			);
			productName = Skydoozy;
			productReference = E2D61A772F1FF2B000BCC8D3 /* Skydoozy.app */;
			productType = "com.apple.product-type.application";
		};
		E2D61A852F1FF2B200BCC8D3 /* SkydoozyTests */ = {
			isa = PBXNativeTarget;
			buildConfigurationList = E2D61A9D2F1FF2B200BCC8D3 /* Build configuration list for PBXNativeTarget "SkydoozyTests" */;
			buildPhases = (
				E2D61A822F1FF2B200BCC8D3 /* Sources */,
				E2D61A832F1FF2B200BCC8D3 /* Frameworks */,
				E2D61A842F1FF2B200BCC8D3 /* Resources */,
			);
			buildRules = (
			);
			dependencies = (
				E2D61A882F1FF2B200BCC8D3 /* PBXTargetDependency */,
			);
			fileSystemSynchronizedGroups = (
				E2D61A892F1FF2B200BCC8D3 /* SkydoozyTests */,
			);
			name = SkydoozyTests;
			packageProductDependencies = (
			);
			productName = SkydoozyTests;
			productReference = E2D61A862F1FF2B200BCC8D3 /* SkydoozyTests.xctest */;
			productType = "com.apple.product-type.bundle.unit-test";
		};
		E2D61A8F2F1FF2B200BCC8D3 /* SkydoozyUITests */ = {
			isa = PBXNativeTarget;
			buildConfigurationList = E2D61AA02F1FF2B200BCC8D3 /* Build configuration list for PBXNativeTarget "SkydoozyUITests" */;
			buildPhases = (
				E2D61A8C2F1FF2B200BCC8D3 /* Sources */,
				E2D61A8D2F1FF2B200BCC8D3 /* Frameworks */,
				E2D61A8E2F1FF2B200BCC8D3 /* Resources */,
			);
			buildRules = (
			);
			dependencies = (
				E2D61A922F1FF2B200BCC8D3 /* PBXTargetDependency */,
			);
			fileSystemSynchronizedGroups = (
				E2D61A932F1FF2B200BCC8D3 /* SkydoozyUITests */,
			);
			name = SkydoozyUITests;
			packageProductDependencies = (
			);
			productName = SkydoozyUITests;
			productReference = E2D61A902F1FF2B200BCC8D3 /* SkydoozyUITests.xctest */;
			productType = "com.apple.product-type.bundle.ui-testing";
		};
/* End PBXNativeTarget section */

/* Begin PBXProject section */
		E2D61A6F2F1FF2B000BCC8D3 /* Project object */ = {
			isa = PBXProject;
			attributes = {
				BuildIndependentTargetsInParallel = 1;
				LastSwiftUpdateCheck = 2600;
				LastUpgradeCheck = 2600;
				TargetAttributes = {
					E2D61A762F1FF2B000BCC8D3 = {
						CreatedOnToolsVersion = 26.0.1;
					};
					E2D61A852F1FF2B200BCC8D3 = {
						CreatedOnToolsVersion = 26.0.1;
						TestTargetID = E2D61A762F1FF2B000BCC8D3;
					};
					E2D61A8F2F1FF2B200BCC8D3 = {
						CreatedOnToolsVersion = 26.0.1;
						TestTargetID = E2D61A762F1FF2B000BCC8D3;
					};
				};
			};
			buildConfigurationList = E2D61A722F1FF2B000BCC8D3 /* Build configuration list for PBXProject "Skydoozy" */;
			developmentRegion = en;
			hasScannedForEncodings = 0;
			knownRegions = (
				en,
				Base,
			);
			mainGroup = E2D61A6E2F1FF2B000BCC8D3;
			minimizedProjectReferenceProxies = 1;
			preferredProjectObjectVersion = 77;
			productRefGroup = E2D61A782F1FF2B000BCC8D3 /* Products */;
			projectDirPath = "";
			projectRoot = "";
			targets = (
				E2D61A762F1FF2B000BCC8D3 /* Skydoozy */,
				E2D61A852F1FF2B200BCC8D3 /* SkydoozyTests */,
				E2D61A8F2F1FF2B200BCC8D3 /* SkydoozyUITests */,
			);
		};
/* End PBXProject section */

/* Begin PBXResourcesBuildPhase section */
		E2D61A752F1FF2B000BCC8D3 /* Resources */ = {
			isa = PBXResourcesBuildPhase;
			buildActionMask = 2147483647;
			files = (
			);
			runOnlyForDeploymentPostprocessing = 0;
		};
		E2D61A842F1FF2B200BCC8D3 /* Resources */ = {
			isa = PBXResourcesBuildPhase;
			buildActionMask = 2147483647;
			files = (
			);
			runOnlyForDeploymentPostprocessing = 0;
		};
		E2D61A8E2F1FF2B200BCC8D3 /* Resources */ = {
			isa = PBXResourcesBuildPhase;
			buildActionMask = 2147483647;
			files = (
			);
			runOnlyForDeploymentPostprocessing = 0;
		};
/* End PBXResourcesBuildPhase section */

/* Begin PBXSourcesBuildPhase section */
		E2D61A732F1FF2B000BCC8D3 /* Sources */ = {
			isa = PBXSourcesBuildPhase;
			buildActionMask = 2147483647;
			files = (
			);
			runOnlyForDeploymentPostprocessing = 0;
		};
		E2D61A822F1FF2B200BCC8D3 /* Sources */ = {
			isa = PBXSourcesBuildPhase;
			buildActionMask = 2147483647;
			files = (
			);
			runOnlyForDeploymentPostprocessing = 0;
		};
		E2D61A8C2F1FF2B200BCC8D3 /* Sources */ = {
			isa = PBXSourcesBuildPhase;
			buildActionMask = 2147483647;
			files = (
			);
			runOnlyForDeploymentPostprocessing = 0;
		};
/* End PBXSourcesBuildPhase section */

/* Begin PBXTargetDependency section */
		E2D61A882F1FF2B200BCC8D3 /* PBXTargetDependency */ = {
			isa = PBXTargetDependency;
			target = E2D61A762F1FF2B000BCC8D3 /* Skydoozy */;
			targetProxy = E2D61A872F1FF2B200BCC8D3 /* PBXContainerItemProxy */;
		};
		E2D61A922F1FF2B200BCC8D3 /* PBXTargetDependency */ = {
			isa = PBXTargetDependency;
			target = E2D61A762F1FF2B000BCC8D3 /* Skydoozy */;
			targetProxy = E2D61A912F1FF2B200BCC8D3 /* PBXContainerItemProxy */;
		};
/* End PBXTargetDependency section */

/* Begin XCBuildConfiguration section */
		E2D61A982F1FF2B200BCC8D3 /* Debug */ = {
			isa = XCBuildConfiguration;
			buildSettings = {
				ALWAYS_SEARCH_USER_PATHS = NO;
				ASSETCATALOG_COMPILER_GENERATE_SWIFT_ASSET_SYMBOL_EXTENSIONS = YES;
				CLANG_ANALYZER_NONNULL = YES;
				CLANG_ANALYZER_NUMBER_OBJECT_CONVERSION = YES_AGGRESSIVE;
				CLANG_CXX_LANGUAGE_STANDARD = "gnu++20";
				CLANG_ENABLE_MODULES = YES;
				CLANG_ENABLE_OBJC_ARC = YES;
				CLANG_ENABLE_OBJC_WEAK = YES;
				CLANG_WARN_BLOCK_CAPTURE_AUTORELEASING = YES;
				CLANG_WARN_BOOL_CONVERSION = YES;
				CLANG_WARN_COMMA = YES;
				CLANG_WARN_CONSTANT_CONVERSION = YES;
				CLANG_WARN_DEPRECATED_OBJC_IMPLEMENTATIONS = YES;
				CLANG_WARN_DIRECT_OBJC_ISA_USAGE = YES_ERROR;
				CLANG_WARN_DOCUMENTATION_COMMENTS = YES;
				CLANG_WARN_EMPTY_BODY = YES;
				CLANG_WARN_ENUM_CONVERSION = YES;
				CLANG_WARN_INFINITE_RECURSION = YES;
				CLANG_WARN_INT_CONVERSION = YES;
				CLANG_WARN_NON_LITERAL_NULL_CONVERSION = YES;
				CLANG_WARN_OBJC_IMPLICIT_RETAIN_SELF = YES;
				CLANG_WARN_OBJC_LITERAL_CONVERSION = YES;
				CLANG_WARN_OBJC_ROOT_CLASS = YES_ERROR;
				CLANG_WARN_QUOTED_INCLUDE_IN_FRAMEWORK_HEADER = YES;
				CLANG_WARN_RANGE_LOOP_ANALYSIS = YES;
				CLANG_WARN_STRICT_PROTOTYPES = YES;
				CLANG_WARN_SUSPICIOUS_MOVE = YES;
				CLANG_WARN_UNGUARDED_AVAILABILITY = YES_AGGRESSIVE;
				CLANG_WARN_UNREACHABLE_CODE = YES;
				CLANG_WARN__DUPLICATE_METHOD_MATCH = YES;
				COPY_PHASE_STRIP = NO;
				DEBUG_INFORMATION_FORMAT = dwarf;
				DEVELOPMENT_TEAM = J4TPUS33G9;
				ENABLE_STRICT_OBJC_MSGSEND = YES;
				ENABLE_TESTABILITY = YES;
				ENABLE_USER_SCRIPT_SANDBOXING = YES;
				GCC_C_LANGUAGE_STANDARD = gnu17;
				GCC_DYNAMIC_NO_PIC = NO;
				GCC_NO_COMMON_BLOCKS = YES;
				GCC_OPTIMIZATION_LEVEL = 0;
				GCC_PREPROCESSOR_DEFINITIONS = (
					"DEBUG=1",
					"$(inherited)",
				);
				GCC_WARN_64_TO_32_BIT_CONVERSION = YES;
				GCC_WARN_ABOUT_RETURN_TYPE = YES_ERROR;
				GCC_WARN_UNDECLARED_SELECTOR = YES;
				GCC_WARN_UNINITIALIZED_AUTOS = YES_AGGRESSIVE;
				GCC_WARN_UNUSED_FUNCTION = YES;
				GCC_WARN_UNUSED_VARIABLE = YES;
				IPHONEOS_DEPLOYMENT_TARGET = 26.0;
				LOCALIZATION_PREFERS_STRING_CATALOGS = YES;
				MTL_ENABLE_DEBUG_INFO = INCLUDE_SOURCE;
				MTL_FAST_MATH = YES;
				ONLY_ACTIVE_ARCH = YES;
				SDKROOT = iphoneos;
				SWIFT_ACTIVE_COMPILATION_CONDITIONS = "DEBUG $(inherited)";
				SWIFT_OPTIMIZATION_LEVEL = "-Onone";
			};
			name = Debug;
		};
		E2D61A992F1FF2B200BCC8D3 /* Release */ = {
			isa = XCBuildConfiguration;
			buildSettings = {
				ALWAYS_SEARCH_USER_PATHS = NO;
				ASSETCATALOG_COMPILER_GENERATE_SWIFT_ASSET_SYMBOL_EXTENSIONS = YES;
				CLANG_ANALYZER_NONNULL = YES;
				CLANG_ANALYZER_NUMBER_OBJECT_CONVERSION = YES_AGGRESSIVE;
				CLANG_CXX_LANGUAGE_STANDARD = "gnu++20";
				CLANG_ENABLE_MODULES = YES;
				CLANG_ENABLE_OBJC_ARC = YES;
				CLANG_ENABLE_OBJC_WEAK = YES;
				CLANG_WARN_BLOCK_CAPTURE_AUTORELEASING = YES;
				CLANG_WARN_BOOL_CONVERSION = YES;
				CLANG_WARN_COMMA = YES;
				CLANG_WARN_CONSTANT_CONVERSION = YES;
				CLANG_WARN_DEPRECATED_OBJC_IMPLEMENTATIONS = YES;
				CLANG_WARN_DIRECT_OBJC_ISA_USAGE = YES_ERROR;
				CLANG_WARN_DOCUMENTATION_COMMENTS = YES;
				CLANG_WARN_EMPTY_BODY = YES;
				CLANG_WARN_ENUM_CONVERSION = YES;
				CLANG_WARN_INFINITE_RECURSION = YES;
				CLANG_WARN_INT_CONVERSION = YES;
				CLANG_WARN_NON_LITERAL_NULL_CONVERSION = YES;
				CLANG_WARN_OBJC_IMPLICIT_RETAIN_SELF = YES;
				CLANG_WARN_OBJC_LITERAL_CONVERSION = YES;
				CLANG_WARN_OBJC_ROOT_CLASS = YES_ERROR;
				CLANG_WARN_QUOTED_INCLUDE_IN_FRAMEWORK_HEADER = YES;
				CLANG_WARN_RANGE_LOOP_ANALYSIS = YES;
				CLANG_WARN_STRICT_PROTOTYPES = YES;
				CLANG_WARN_SUSPICIOUS_MOVE = YES;
				CLANG_WARN_UNGUARDED_AVAILABILITY = YES_AGGRESSIVE;
				CLANG_WARN_UNREACHABLE_CODE = YES;
				CLANG_WARN__DUPLICATE_METHOD_MATCH = YES;
				COPY_PHASE_STRIP = NO;
				DEBUG_INFORMATION_FORMAT = "dwarf-with-dsym";
				DEVELOPMENT_TEAM = J4TPUS33G9;
				ENABLE_NS_ASSERTIONS = NO;
				ENABLE_STRICT_OBJC_MSGSEND = YES;
				ENABLE_USER_SCRIPT_SANDBOXING = YES;
				GCC_C_LANGUAGE_STANDARD = gnu17;
				GCC_NO_COMMON_BLOCKS = YES;
				GCC_WARN_64_TO_32_BIT_CONVERSION = YES;
				GCC_WARN_ABOUT_RETURN_TYPE = YES_ERROR;
				GCC_WARN_UNDECLARED_SELECTOR = YES;
				GCC_WARN_UNINITIALIZED_AUTOS = YES_AGGRESSIVE;
				GCC_WARN_UNUSED_FUNCTION = YES;
				GCC_WARN_UNUSED_VARIABLE = YES;
				IPHONEOS_DEPLOYMENT_TARGET = 26.0;
				LOCALIZATION_PREFERS_STRING_CATALOGS = YES;
				MTL_ENABLE_DEBUG_INFO = NO;
				MTL_FAST_MATH = YES;
				SDKROOT = iphoneos;
				SWIFT_COMPILATION_MODE = wholemodule;
				VALIDATE_PRODUCT = YES;
			};
			name = Release;
		};
		E2D61A9B2F1FF2B200BCC8D3 /* Debug */ = {
			isa = XCBuildConfiguration;
			buildSettings = {
				ASSETCATALOG_COMPILER_APPICON_NAME = AppIcon;
				ASSETCATALOG_COMPILER_GLOBAL_ACCENT_COLOR_NAME = AccentColor;
				CODE_SIGN_STYLE = Automatic;
				CURRENT_PROJECT_VERSION = 1;
				DEVELOPMENT_TEAM = J4TPUS33G9;
				ENABLE_PREVIEWS = YES;
				GENERATE_INFOPLIST_FILE = YES;
				INFOPLIST_KEY_UIApplicationSceneManifest_Generation = YES;
				INFOPLIST_KEY_UIApplicationSupportsIndirectInputEvents = YES;
				INFOPLIST_KEY_UILaunchScreen_Generation = YES;
				INFOPLIST_KEY_UISupportedInterfaceOrientations_iPad = "UIInterfaceOrientationPortrait UIInterfaceOrientationPortraitUpsideDown UIInterfaceOrientationLandscapeLeft UIInterfaceOrientationLandscapeRight";
				INFOPLIST_KEY_UISupportedInterfaceOrientations_iPhone = "UIInterfaceOrientationPortrait UIInterfaceOrientationLandscapeLeft UIInterfaceOrientationLandscapeRight";
				IPHONEOS_DEPLOYMENT_TARGET = 15.6;
				LD_RUNPATH_SEARCH_PATHS = (
					"$(inherited)",
					"@executable_path/Frameworks",
				);
				MARKETING_VERSION = 1.0;
				PRODUCT_BUNDLE_IDENTIFIER = "krakastan3-icloud.com.Skydoozy";
				PRODUCT_NAME = "$(TARGET_NAME)";
				STRING_CATALOG_GENERATE_SYMBOLS = YES;
				SWIFT_APPROACHABLE_CONCURRENCY = YES;
				SWIFT_DEFAULT_ACTOR_ISOLATION = MainActor;
				SWIFT_EMIT_LOC_STRINGS = YES;
				SWIFT_UPCOMING_FEATURE_MEMBER_IMPORT_VISIBILITY = YES;
				SWIFT_VERSION = 5.0;
				TARGETED_DEVICE_FAMILY = "1,2";
			};
			name = Debug;
		};
		E2D61A9C2F1FF2B200BCC8D3 /* Release */ = {
			isa = XCBuildConfiguration;
			buildSettings = {
				ASSETCATALOG_COMPILER_APPICON_NAME = AppIcon;
				ASSETCATALOG_COMPILER_GLOBAL_ACCENT_COLOR_NAME = AccentColor;
				CODE_SIGN_STYLE = Automatic;
				CURRENT_PROJECT_VERSION = 1;
				DEVELOPMENT_TEAM = J4TPUS33G9;
				ENABLE_PREVIEWS = YES;
				GENERATE_INFOPLIST_FILE = YES;
				INFOPLIST_KEY_UIApplicationSceneManifest_Generation = YES;
				INFOPLIST_KEY_UIApplicationSupportsIndirectInputEvents = YES;
				INFOPLIST_KEY_UILaunchScreen_Generation = YES;
				INFOPLIST_KEY_UISupportedInterfaceOrientations_iPad = "UIInterfaceOrientationPortrait UIInterfaceOrientationPortraitUpsideDown UIInterfaceOrientationLandscapeLeft UIInterfaceOrientationLandscapeRight";
				INFOPLIST_KEY_UISupportedInterfaceOrientations_iPhone = "UIInterfaceOrientationPortrait UIInterfaceOrientationLandscapeLeft UIInterfaceOrientationLandscapeRight";
				IPHONEOS_DEPLOYMENT_TARGET = 15.6;
				LD_RUNPATH_SEARCH_PATHS = (
					"$(inherited)",
					"@executable_path/Frameworks",
				);
				MARKETING_VERSION = 1.0;
				PRODUCT_BUNDLE_IDENTIFIER = "krakastan3-icloud.com.Skydoozy";
				PRODUCT_NAME = "$(TARGET_NAME)";
				STRING_CATALOG_GENERATE_SYMBOLS = YES;
				SWIFT_APPROACHABLE_CONCURRENCY = YES;
				SWIFT_DEFAULT_ACTOR_ISOLATION = MainActor;
				SWIFT_EMIT_LOC_STRINGS = YES;
				SWIFT_UPCOMING_FEATURE_MEMBER_IMPORT_VISIBILITY = YES;
				SWIFT_VERSION = 5.0;
				TARGETED_DEVICE_FAMILY = "1,2";
			};
			name = Release;
		};
		E2D61A9E2F1FF2B200BCC8D3 /* Debug */ = {
			isa = XCBuildConfiguration;
			buildSettings = {
				BUNDLE_LOADER = "$(TEST_HOST)";
				CODE_SIGN_STYLE = Automatic;
				CURRENT_PROJECT_VERSION = 1;
				DEVELOPMENT_TEAM = J4TPUS33G9;
				GENERATE_INFOPLIST_FILE = YES;
				IPHONEOS_DEPLOYMENT_TARGET = 26.0;
				MARKETING_VERSION = 1.0;
				PRODUCT_BUNDLE_IDENTIFIER = "krakastan3-icloud.com.SkydoozyTests";
				PRODUCT_NAME = "$(TARGET_NAME)";
				STRING_CATALOG_GENERATE_SYMBOLS = NO;
				SWIFT_APPROACHABLE_CONCURRENCY = YES;
				SWIFT_EMIT_LOC_STRINGS = NO;
				SWIFT_UPCOMING_FEATURE_MEMBER_IMPORT_VISIBILITY = YES;
				SWIFT_VERSION = 5.0;
				TARGETED_DEVICE_FAMILY = "1,2";
				TEST_HOST = "$(BUILT_PRODUCTS_DIR)/Skydoozy.app/$(BUNDLE_EXECUTABLE_FOLDER_PATH)/Skydoozy";
			};
			name = Debug;
		};
		E2D61A9F2F1FF2B200BCC8D3 /* Release */ = {
			isa = XCBuildConfiguration;
			buildSettings = {
				BUNDLE_LOADER = "$(TEST_HOST)";
				CODE_SIGN_STYLE = Automatic;
				CURRENT_PROJECT_VERSION = 1;
				DEVELOPMENT_TEAM = J4TPUS33G9;
				GENERATE_INFOPLIST_FILE = YES;
				IPHONEOS_DEPLOYMENT_TARGET = 26.0;
				MARKETING_VERSION = 1.0;
				PRODUCT_BUNDLE_IDENTIFIER = "krakastan3-icloud.com.SkydoozyTests";
				PRODUCT_NAME = "$(TARGET_NAME)";
				STRING_CATALOG_GENERATE_SYMBOLS = NO;
				SWIFT_APPROACHABLE_CONCURRENCY = YES;
				SWIFT_EMIT_LOC_STRINGS = NO;
				SWIFT_UPCOMING_FEATURE_MEMBER_IMPORT_VISIBILITY = YES;
				SWIFT_VERSION = 5.0;
				TARGETED_DEVICE_FAMILY = "1,2";
				TEST_HOST = "$(BUILT_PRODUCTS_DIR)/Skydoozy.app/$(BUNDLE_EXECUTABLE_FOLDER_PATH)/Skydoozy";
			};
			name = Release;
		};
		E2D61AA12F1FF2B200BCC8D3 /* Debug */ = {
			isa = XCBuildConfiguration;
			buildSettings = {
				CODE_SIGN_STYLE = Automatic;
				CURRENT_PROJECT_VERSION = 1;
				DEVELOPMENT_TEAM = J4TPUS33G9;
				GENERATE_INFOPLIST_FILE = YES;
				MARKETING_VERSION = 1.0;
				PRODUCT_BUNDLE_IDENTIFIER = "krakastan3-icloud.com.SkydoozyUITests";
				PRODUCT_NAME = "$(TARGET_NAME)";
				STRING_CATALOG_GENERATE_SYMBOLS = NO;
				SWIFT_APPROACHABLE_CONCURRENCY = YES;
				SWIFT_EMIT_LOC_STRINGS = NO;
				SWIFT_UPCOMING_FEATURE_MEMBER_IMPORT_VISIBILITY = YES;
				SWIFT_VERSION = 5.0;
				TARGETED_DEVICE_FAMILY = "1,2";
				TEST_TARGET_NAME = Skydoozy;
			};
			name = Debug;
		};
		E2D61AA22F1FF2B200BCC8D3 /* Release */ = {
			isa = XCBuildConfiguration;
			buildSettings = {
				CODE_SIGN_STYLE = Automatic;
				CURRENT_PROJECT_VERSION = 1;
				DEVELOPMENT_TEAM = J4TPUS33G9;
				GENERATE_INFOPLIST_FILE = YES;
				MARKETING_VERSION = 1.0;
				PRODUCT_BUNDLE_IDENTIFIER = "krakastan3-icloud.com.SkydoozyUITests";
				PRODUCT_NAME = "$(TARGET_NAME)";
				STRING_CATALOG_GENERATE_SYMBOLS = NO;
				SWIFT_APPROACHABLE_CONCURRENCY = YES;
				SWIFT_EMIT_LOC_STRINGS = NO;
				SWIFT_UPCOMING_FEATURE_MEMBER_IMPORT_VISIBILITY = YES;
				SWIFT_VERSION = 5.0;
				TARGETED_DEVICE_FAMILY = "1,2";
				TEST_TARGET_NAME = Skydoozy;
			};
			name = Release;
		};
/* End XCBuildConfiguration section */

/* Begin XCConfigurationList section */
		E2D61A722F1FF2B000BCC8D3 /* Build configuration list for PBXProject "Skydoozy" */ = {
			isa = XCConfigurationList;
			buildConfigurations = (
				E2D61A982F1FF2B200BCC8D3 /* Debug */,
				E2D61A992F1FF2B200BCC8D3 /* Release */,
			);
			defaultConfigurationIsVisible = 0;
			defaultConfigurationName = Release;
		};
		E2D61A9A2F1FF2B200BCC8D3 /* Build configuration list for PBXNativeTarget "Skydoozy" */ = {
			isa = XCConfigurationList;
			buildConfigurations = (
				E2D61A9B2F1FF2B200BCC8D3 /* Debug */,
				E2D61A9C2F1FF2B200BCC8D3 /* Release */,
			);
			defaultConfigurationIsVisible = 0;
			defaultConfigurationName = Release;
		};
		E2D61A9D2F1FF2B200BCC8D3 /* Build configuration list for PBXNativeTarget "SkydoozyTests" */ = {
			isa = XCConfigurationList;
			buildConfigurations = (
				E2D61A9E2F1FF2B200BCC8D3 /* Debug */,
				E2D61A9F2F1FF2B200BCC8D3 /* Release */,
			);
			defaultConfigurationIsVisible = 0;
			defaultConfigurationName = Release;
		};
		E2D61AA02F1FF2B200BCC8D3 /* Build configuration list for PBXNativeTarget "SkydoozyUITests" */ = {
			isa = XCConfigurationList;
			buildConfigurations = (
				E2D61AA12F1FF2B200BCC8D3 /* Debug */,
				E2D61AA22F1FF2B200BCC8D3 /* Release */,
			);
			defaultConfigurationIsVisible = 0;
			defaultConfigurationName = Release;
		};
/* End XCConfigurationList section */
	};
	rootObject = E2D61A6F2F1FF2B000BCC8D3 /* Project object */;
}
